# THIS IS AN AUTOGENERATED FILE. DO NOT EDIT THIS FILE DIRECTLY.
# yarn lockfile v1


react-paystack@^4.0.3:
  version "4.0.3"
  resolved "https://registry.yarnpkg.com/react-paystack/-/react-paystack-4.0.3.tgz#f4a38966295e990a5bcbf587966083a5f0b5f5ab"
  integrity sha512-ruu94Qrvi7QHK1axrHRShUebka68G3UyGIndVFPCjs3rddBOkLiorF6GJ98FW9lq4ov5M4adh4g03F6aOuJmRA==
